
Microsoft Visual Studio Solution File, Format Version 12.00
# Visual Studio Version 16
VisualStudioVersion = 16.0.32106.194
MinimumVisualStudioVersion = 10.0.40219.1
Project("{FAE04EC0-301F-11D3-BF4B-00C04F79EFBC}") = "NgrxExample", "NgrxExample\NgrxExample.csproj", "{D1F93CDA-3F53-4377-922B-38A7ED7BE5D7}"
EndProject
Project("{FAE04EC0-301F-11D3-BF4B-00C04F79EFBC}") = "NgrxExample.Enttites", "NgrxExample.Enttites\NgrxExample.Enttites.csproj", "{8BEEA4D0-BF8C-4318-ADFA-DC98C787EFA5}"
EndProject
Project("{FAE04EC0-301F-11D3-BF4B-00C04F79EFBC}") = "NgrxExample.Service", "NgrxExample.Service\NgrxExample.Service.csproj", "{C445BE0D-0850-43FB-B1A8-2B2029BA71A6}"
EndProject
Project("{FAE04EC0-301F-11D3-BF4B-00C04F79EFBC}") = "NgrxExample.Repositories", "NgrxExample.Repositories\NgrxExample.Repositories.csproj", "{E89FA5C5-4442-4717-BB87-E8FAD18F78EF}"
EndProject
Global
	GlobalSection(SolutionConfigurationPlatforms) = preSolution
		Debug|Any CPU = Debug|Any CPU
		Release|Any CPU = Release|Any CPU
	EndGlobalSection
	GlobalSection(ProjectConfigurationPlatforms) = postSolution
		{D1F93CDA-3F53-4377-922B-38A7ED7BE5D7}.Debug|Any CPU.ActiveCfg = Debug|Any CPU
		{D1F93CDA-3F53-4377-922B-38A7ED7BE5D7}.Debug|Any CPU.Build.0 = Debug|Any CPU
		{D1F93CDA-3F53-4377-922B-38A7ED7BE5D7}.Release|Any CPU.ActiveCfg = Release|Any CPU
		{D1F93CDA-3F53-4377-922B-38A7ED7BE5D7}.Release|Any CPU.Build.0 = Release|Any CPU
		{8BEEA4D0-BF8C-4318-ADFA-DC98C787EFA5}.Debug|Any CPU.ActiveCfg = Debug|Any CPU
		{8BEEA4D0-BF8C-4318-ADFA-DC98C787EFA5}.Debug|Any CPU.Build.0 = Debug|Any CPU
		{8BEEA4D0-BF8C-4318-ADFA-DC98C787EFA5}.Release|Any CPU.ActiveCfg = Release|Any CPU
		{8BEEA4D0-BF8C-4318-ADFA-DC98C787EFA5}.Release|Any CPU.Build.0 = Release|Any CPU
		{C445BE0D-0850-43FB-B1A8-2B2029BA71A6}.Debug|Any CPU.ActiveCfg = Debug|Any CPU
		{C445BE0D-0850-43FB-B1A8-2B2029BA71A6}.Debug|Any CPU.Build.0 = Debug|Any CPU
		{C445BE0D-0850-43FB-B1A8-2B2029BA71A6}.Release|Any CPU.ActiveCfg = Release|Any CPU
		{C445BE0D-0850-43FB-B1A8-2B2029BA71A6}.Release|Any CPU.Build.0 = Release|Any CPU
		{E89FA5C5-4442-4717-BB87-E8FAD18F78EF}.Debug|Any CPU.ActiveCfg = Debug|Any CPU
		{E89FA5C5-4442-4717-BB87-E8FAD18F78EF}.Debug|Any CPU.Build.0 = Debug|Any CPU
		{E89FA5C5-4442-4717-BB87-E8FAD18F78EF}.Release|Any CPU.ActiveCfg = Release|Any CPU
		{E89FA5C5-4442-4717-BB87-E8FAD18F78EF}.Release|Any CPU.Build.0 = Release|Any CPU
	EndGlobalSection
	GlobalSection(SolutionProperties) = preSolution
		HideSolutionNode = FALSE
	EndGlobalSection
	GlobalSection(ExtensibilityGlobals) = postSolution
		SolutionGuid = {EE74F3BE-19D6-4054-AFFF-7833F017DA1D}
	EndGlobalSection
EndGlobal
